spec-version: 0.1.0
ORB-A11Y-001 must 85a1c785
ORB-A11Y-002 must 7df030f9
ORB-A11Y-003 must dd8abca9
ORB-A11Y-004 must 3c3d9724
ORB-A11Y-005 must 6d860d68
ORB-ADAPTER-001 must c4be929d
ORB-ADAPTER-002 should f31b0363
ORB-ADAPTER-003 must 781c1079
ORB-ADAPTER-004 must 02cbb747
ORB-ADAPTER-005 must 440d120c
ORB-ADAPTER-006 must 9dee476c
ORB-ARCH-001 must 0fb198c7
ORB-ARCH-002 must ba15d699
ORB-ARCH-003 must 544ce144
ORB-ARCH-004 must 0ccd35b2
ORB-ARCH-005 must 378ba353
ORB-AUDIO-001 must 176cf17f
ORB-AUDIO-002 must 1fca59cb
ORB-AUDIO-003 should 43547536
ORB-AUDIO-004 must 8dfc7f6d
ORB-DEMO-001 must 5cc943eb
ORB-DEMO-002 must 19443020
ORB-DEMO-003 should c02dc1e8
ORB-DEMO-004 must 58f67f0b
ORB-EVENT-001 must 3bf7add0
ORB-EVENT-002 should ffd528aa
ORB-EVENT-003 must 5196ef13
ORB-EVENT-004 must aeacc48d
ORB-EVENT-005 should f6d9fb25
ORB-FORM-001 must c6633e7a
ORB-FORM-002 must 199f274a
ORB-FORM-003 must 0b42f427
ORB-FORM-004 must 4efd3faf
ORB-FORM-005 must 6effe785
ORB-FORM-006 must e74cb463
ORB-FORM-007 must 72e7ca4e
ORB-GOV-001 must fed24b43
ORB-GOV-002 must a23683ea
ORB-GOV-003 must 5e752267
ORB-GOV-004 must 9e7f3665
ORB-GOV-005 must f2f0b3bf
ORB-GOV-006 should 8e5140b8
ORB-MORPH-001 informative 53470110
ORB-MORPH-002 must eb2a6f28
ORB-MORPH-003 must 3bb077f2
ORB-MORPH-004 must 0005e452
ORB-PERF-001 should 3d512353
ORB-PERF-002 should f105b819
ORB-PERF-003 should 78d67d14
ORB-PERF-004 should 6e626187
ORB-PERF-005 should 5ba8aeb8
ORB-RENDER-001 must 196f55cb
ORB-RENDER-002 must 19da1c64
ORB-RENDER-003 must 515d6010
ORB-RENDER-004 must 0afbeb9b
ORB-RENDER-005 must ac50b634
ORB-RENDER-006 must a7ce284c
ORB-SEC-001 must e26278f4
ORB-SEC-002 must 086365da
ORB-SEC-003 must 8906602d
ORB-SEC-004 must f972415b
ORB-SEC-005 must b6c095fd
ORB-SEC-006 must 1162a386
ORB-SEC-007 should ba0698a5
ORB-STATE-001 must c5b93772
ORB-STATE-002 must 76a92974
ORB-STATE-003 must be4dfc92
ORB-STATE-004 must e6af8b24
ORB-STATE-005 should b288d6b0
ORB-SVG-001 must f1cb7019
ORB-SVG-002 must 8bc30089
ORB-SVG-003 should 1dd04b1b
ORB-SVG-004 should 3d9deea3
